%{
  "connection": {:hex, :connection, "1.1.0", "ff2a49c4b75b6fb3e674bfc5536451607270aac754ffd1bdfe175abe4a6d7a68", [:mix], [], "hexpm", "722c1eb0a418fbe91ba7bd59a47e28008a189d47e37e0e7bb85585a016b2869c"},
  "cowboy": {:hex, :cowboy, "2.9.0", "865dd8b6607e14cf03282e10e934023a1bd8be6f6bacf921a7e2a96d800cd452", [:make, :rebar3], [{:cowlib, "2.11.0", [hex: :cowlib, repo: "hexpm", optional: false]}, {:ranch, "1.8.0", [hex: :ranch, repo: "hexpm", optional: false]}], "hexpm", "2c729f934b4e1aa149aff882f57c6372c15399a20d54f65c8d67bef583021bde"},
  "cowlib": {:hex, :cowlib, "2.11.0", "0b9ff9c346629256c42ebe1eeb769a83c6cb771a6ee5960bd110ab0b9b872063", [:make, :rebar3], [], "hexpm", "2b3e9da0b21c4565751a6d4901c20d1b4cc25cbb7fd50d91d2ab6dd287bc86a9"},
  "db_connection": {:hex, :db_connection, "2.4.0", "d04b1b73795dae60cead94189f1b8a51cc9e1f911c234cc23074017c43c031e5", [:mix], [{:connection, "~> 1.0", [hex: :connection, repo: "hexpm", optional: false]}, {:telemetry, "~> 0.4 or ~> 1.0", [hex: :telemetry, repo: "hexpm", optional: false]}], "hexpm", "ad416c21ad9f61b3103d254a71b63696ecadb6a917b36f563921e0de00d7d7c8"},
  "decimal": {:hex, :decimal, "2.0.0", "a78296e617b0f5dd4c6caf57c714431347912ffb1d0842e998e9792b5642d697", [:mix], [], "hexpm", "34666e9c55dea81013e77d9d87370fe6cb6291d1ef32f46a1600230b1d44f577"},
  "ecto": {:hex, :ecto, "3.7.0", "0b250b4aa5a9cdb80252802bd535c54c963e2d83f5bd179a57c093ed0779994b", [:mix], [{:decimal, "~> 1.6 or ~> 2.0", [hex: :decimal, repo: "hexpm", optional: false]}, {:jason, "~> 1.0", [hex: :jason, repo: "hexpm", optional: true]}, {:telemetry, "~> 0.4 or ~> 1.0", [hex: :telemetry, repo: "hexpm", optional: false]}], "hexpm", "3a212cecd544a6f3d00921bc3e7545070eb50b9a1454525323027bf07eba1165"},
  "ecto_sql": {:hex, :ecto_sql, "3.7.0", "2fcaad4ab0c8d76a5afbef078162806adbe709c04160aca58400d5cbbe8eeac6", [:mix], [{:db_connection, "~> 2.2", [hex: :db_connection, repo: "hexpm", optional: false]}, {:ecto, "~> 3.7.0", [hex: :ecto, repo: "hexpm", optional: false]}, {:myxql, "~> 0.4.0 or ~> 0.5.0", [hex: :myxql, repo: "hexpm", optional: true]}, {:postgrex, "~> 0.15.0 or ~> 1.0", [hex: :postgrex, repo: "hexpm", optional: true]}, {:tds, "~> 2.1.1", [hex: :tds, repo: "hexpm", optional: true]}, {:telemetry, "~> 0.4.0 or ~> 1.0", [hex: :telemetry, repo: "hexpm", optional: false]}], "hexpm", "a26135dfa1d99bf87a928c464cfa25bba6535a4fe761eefa56077a4febc60f70"},
  "file_system": {:hex, :file_system, "0.2.10", "fb082005a9cd1711c05b5248710f8826b02d7d1784e7c3451f9c1231d4fc162d", [:mix], [], "hexpm", "41195edbfb562a593726eda3b3e8b103a309b733ad25f3d642ba49696bf715dc"},
  "gettext": {:hex, :gettext, "0.18.2", "7df3ea191bb56c0309c00a783334b288d08a879f53a7014341284635850a6e55", [:mix], [], "hexpm", "f9f537b13d4fdd30f3039d33cb80144c3aa1f8d9698e47d7bcbcc8df93b1f5c5"},
  "jason": {:hex, :jason, "1.2.2", "ba43e3f2709fd1aa1dce90aaabfd039d000469c05c56f0b8e31978e03fa39052", [:mix], [{:decimal, "~> 1.0 or ~> 2.0", [hex: :decimal, repo: "hexpm", optional: true]}], "hexpm", "18a228f5f0058ee183f29f9eae0805c6e59d61c3b006760668d8d18ff0d12179"},
  "mime": {:hex, :mime, "2.0.1", "0de4c81303fe07806ebc2494d5321ce8fb4df106e34dd5f9d787b637ebadc256", [:mix], [], "hexpm", "7a86b920d2aedce5fb6280ac8261ac1a739ae6c1a1ad38f5eadf910063008942"},
  "nimble_strftime": {:hex, :nimble_strftime, "0.1.1", "b988184d1bd945bc139b2c27dd00a6c0774ec94f6b0b580083abd62d5d07818b", [:mix], [], "hexpm", "89e599c9b8b4d1203b7bb5c79eb51ef7c6a28fbc6228230b312f8b796310d755"},
  "phoenix": {:hex, :phoenix, "1.5.12", "75fddb14c720388eea93d33886166a690416a7ff8633fbd93f364355b6fe1166", [:mix], [{:jason, "~> 1.0", [hex: :jason, repo: "hexpm", optional: true]}, {:phoenix_html, "~> 2.13 or ~> 3.0", [hex: :phoenix_html, repo: "hexpm", optional: true]}, {:phoenix_pubsub, "~> 2.0", [hex: :phoenix_pubsub, repo: "hexpm", optional: false]}, {:plug, "~> 1.10", [hex: :plug, repo: "hexpm", optional: false]}, {:plug_cowboy, "~> 1.0 or ~> 2.2", [hex: :plug_cowboy, repo: "hexpm", optional: true]}, {:plug_crypto, "~> 1.1.2 or ~> 1.2", [hex: :plug_crypto, repo: "hexpm", optional: false]}, {:telemetry, "~> 0.4", [hex: :telemetry, repo: "hexpm", optional: false]}], "hexpm", "8f0ae6734fcc18bbaa646c161e2febc46fb899eae43f82679b92530983324113"},
  "phoenix_ecto": {:hex, :phoenix_ecto, "4.4.0", "0672ed4e4808b3fbed494dded89958e22fb882de47a97634c0b13e7b0b5f7720", [:mix], [{:ecto, "~> 3.3", [hex: :ecto, repo: "hexpm", optional: false]}, {:phoenix_html, "~> 2.14.2 or ~> 3.0", [hex: :phoenix_html, repo: "hexpm", optional: true]}, {:plug, "~> 1.9", [hex: :plug, repo: "hexpm", optional: false]}], "hexpm", "09864e558ed31ee00bd48fcc1d4fc58ae9678c9e81649075431e69dbabb43cc1"},
  "phoenix_html": {:hex, :phoenix_html, "2.14.3", "51f720d0d543e4e157ff06b65de38e13303d5778a7919bcc696599e5934271b8", [:mix], [{:plug, "~> 1.5", [hex: :plug, repo: "hexpm", optional: false]}], "hexpm", "efd697a7fff35a13eeeb6b43db884705cba353a1a41d127d118fda5f90c8e80f"},
  "phoenix_live_dashboard": {:hex, :phoenix_live_dashboard, "0.2.10", "6866fad234cbe0813de086a27fde03347162b042fd9d84a31a96433b5e486470", [:mix], [{:phoenix_html, "~> 2.14.1 or ~> 2.15", [hex: :phoenix_html, repo: "hexpm", optional: false]}, {:phoenix_live_view, "~> 0.14.3", [hex: :phoenix_live_view, repo: "hexpm", optional: false]}, {:telemetry_metrics, "~> 0.4.0 or ~> 0.5.0 or ~> 0.6.0", [hex: :telemetry_metrics, repo: "hexpm", optional: false]}], "hexpm", "9841958d558a60530f15df18b33b63a145d1b8b1f0aed63b4eaec11bbf0b4968"},
  "phoenix_live_reload": {:hex, :phoenix_live_reload, "1.3.3", "3a53772a6118d5679bf50fc1670505a290e32a1d195df9e069d8c53ab040c054", [:mix], [{:file_system, "~> 0.2.1 or ~> 0.3", [hex: :file_system, repo: "hexpm", optional: false]}, {:phoenix, "~> 1.4", [hex: :phoenix, repo: "hexpm", optional: false]}], "hexpm", "766796676e5f558dbae5d1bdb066849673e956005e3730dfd5affd7a6da4abac"},
  "phoenix_live_view": {:hex, :phoenix_live_view, "0.14.8", "1419f2612d5623207bfd9760c110f46cc5be05173dd6b5dc019500f93b692027", [:mix], [{:jason, "~> 1.0", [hex: :jason, repo: "hexpm", optional: true]}, {:phoenix, "~> 1.5.3", [hex: :phoenix, repo: "hexpm", optional: false]}, {:phoenix_html, "~> 2.14", [hex: :phoenix_html, repo: "hexpm", optional: false]}, {:telemetry, "~> 0.4.2 or ~> 0.5", [hex: :telemetry, repo: "hexpm", optional: false]}], "hexpm", "889660bdc113a6fe84fd1b840443e86d9c6bd0b851e8f3a8581c916bbc7a2099"},
  "phoenix_pubsub": {:hex, :phoenix_pubsub, "2.0.0", "a1ae76717bb168cdeb10ec9d92d1480fec99e3080f011402c0a2d68d47395ffb", [:mix], [], "hexpm", "c52d948c4f261577b9c6fa804be91884b381a7f8f18450c5045975435350f771"},
  "plug": {:hex, :plug, "1.12.1", "645678c800601d8d9f27ad1aebba1fdb9ce5b2623ddb961a074da0b96c35187d", [:mix], [{:mime, "~> 1.0 or ~> 2.0", [hex: :mime, repo: "hexpm", optional: false]}, {:plug_crypto, "~> 1.1.1 or ~> 1.2", [hex: :plug_crypto, repo: "hexpm", optional: false]}, {:telemetry, "~> 0.4.3 or ~> 1.0", [hex: :telemetry, repo: "hexpm", optional: false]}], "hexpm", "d57e799a777bc20494b784966dc5fbda91eb4a09f571f76545b72a634ce0d30b"},
  "plug_cowboy": {:hex, :plug_cowboy, "2.3.0", "149a50e05cb73c12aad6506a371cd75750c0b19a32f81866e1a323dda9e0e99d", [:mix], [{:cowboy, "~> 2.7", [hex: :cowboy, repo: "hexpm", optional: false]}, {:plug, "~> 1.7", [hex: :plug, repo: "hexpm", optional: false]}, {:telemetry, "~> 0.4", [hex: :telemetry, repo: "hexpm", optional: false]}], "hexpm", "bc595a1870cef13f9c1e03df56d96804db7f702175e4ccacdb8fc75c02a7b97e"},
  "plug_crypto": {:hex, :plug_crypto, "1.2.2", "05654514ac717ff3a1843204b424477d9e60c143406aa94daf2274fdd280794d", [:mix], [], "hexpm", "87631c7ad914a5a445f0a3809f99b079113ae4ed4b867348dd9eec288cecb6db"},
  "postgrex": {:hex, :postgrex, "0.15.10", "2809dee1b1d76f7cbabe570b2a9285c2e7b41be60cf792f5f2804a54b838a067", [:mix], [{:connection, "~> 1.0", [hex: :connection, repo: "hexpm", optional: false]}, {:db_connection, "~> 2.1", [hex: :db_connection, repo: "hexpm", optional: false]}, {:decimal, "~> 1.5 or ~> 2.0", [hex: :decimal, repo: "hexpm", optional: false]}, {:jason, "~> 1.0", [hex: :jason, repo: "hexpm", optional: true]}], "hexpm", "1560ca427542f6b213f8e281633ae1a3b31cdbcd84ebd7f50628765b8f6132be"},
  "ranch": {:hex, :ranch, "1.8.0", "8c7a100a139fd57f17327b6413e4167ac559fbc04ca7448e9be9057311597a1d", [:make, :rebar3], [], "hexpm", "49fbcfd3682fab1f5d109351b61257676da1a2fdbe295904176d5e521a2ddfe5"},
  "telemetry": {:hex, :telemetry, "0.4.3", "a06428a514bdbc63293cd9a6263aad00ddeb66f608163bdec7c8995784080818", [:rebar3], [], "hexpm", "eb72b8365ffda5bed68a620d1da88525e326cb82a75ee61354fc24b844768041"},
  "telemetry_metrics": {:hex, :telemetry_metrics, "0.6.1", "315d9163a1d4660aedc3fee73f33f1d355dcc76c5c3ab3d59e76e3edf80eef1f", [:mix], [{:telemetry, "~> 0.4 or ~> 1.0", [hex: :telemetry, repo: "hexpm", optional: false]}], "hexpm", "7be9e0871c41732c233be71e4be11b96e56177bf15dde64a8ac9ce72ac9834c6"},
  "telemetry_poller": {:hex, :telemetry_poller, "0.5.1", "21071cc2e536810bac5628b935521ff3e28f0303e770951158c73eaaa01e962a", [:rebar3], [{:telemetry, "~> 0.4", [hex: :telemetry, repo: "hexpm", optional: false]}], "hexpm", "4cab72069210bc6e7a080cec9afffad1b33370149ed5d379b81c7c5f0c663fd4"},
}
